// !$*UTF8*$!
{
	archiveVersion = 1;
	classes = {
	};
	objectVersion = 46;
	objects = {

/* Begin PBXBuildFile section */
		CD0EF1151C9F22A200404CD0 /* AppDelegate.swift in Sources */ = {isa = PBXBuildFile; fileRef = CD0EF1141C9F22A200404CD0 /* AppDelegate.swift */; };
		CD0EF1171C9F22A200404CD0 /* MapViewController.swift in Sources */ = {isa = PBXBuildFile; fileRef = CD0EF1161C9F22A200404CD0 /* MapViewController.swift */; };
		CD0EF11A1C9F22A200404CD0 /* Main.storyboard in Resources */ = {isa = PBXBuildFile; fileRef = CD0EF1181C9F22A200404CD0 /* Main.storyboard */; };
		CD0EF11F1C9F22A200404CD0 /* Assets.xcassets in Resources */ = {isa = PBXBuildFile; fileRef = CD0EF11E1C9F22A200404CD0 /* Assets.xcassets */; };
		CD0EF1221C9F22A200404CD0 /* LaunchScreen.storyboard in Resources */ = {isa = PBXBuildFile; fileRef = CD0EF1201C9F22A200404CD0 /* LaunchScreen.storyboard */; };
		CD0EF12D1C9F22A200404CD0 /* Virtual_TouristTests.swift in Sources */ = {isa = PBXBuildFile; fileRef = CD0EF12C1C9F22A200404CD0 /* Virtual_TouristTests.swift */; };
		CD0EF1381C9F22A200404CD0 /* Virtual_TouristUITests.swift in Sources */ = {isa = PBXBuildFile; fileRef = CD0EF1371C9F22A200404CD0 /* Virtual_TouristUITests.swift */; };
		CD0EF1461C9F244E00404CD0 /* CoreDataStackManager.swift in Sources */ = {isa = PBXBuildFile; fileRef = CD0EF1451C9F244E00404CD0 /* CoreDataStackManager.swift */; };
		CD4EF8211CA0115100A31624 /* CollectionMapViewController.swift in Sources */ = {isa = PBXBuildFile; fileRef = CD4EF8201CA0115100A31624 /* CollectionMapViewController.swift */; };
		CD4EF8251CA0162300A31624 /* Pin.swift in Sources */ = {isa = PBXBuildFile; fileRef = CD4EF8241CA0162300A31624 /* Pin.swift */; };
		CD4EF8271CA02E7900A31624 /* Photo.swift in Sources */ = {isa = PBXBuildFile; fileRef = CD4EF8261CA02E7900A31624 /* Photo.swift */; };
		CD4EF8291CA031DC00A31624 /* Flickr.swift in Sources */ = {isa = PBXBuildFile; fileRef = CD4EF8281CA031DC00A31624 /* Flickr.swift */; };
		CD4EF82B1CA0735E00A31624 /* Flicker-Constants.swift in Sources */ = {isa = PBXBuildFile; fileRef = CD4EF82A1CA0735E00A31624 /* Flicker-Constants.swift */; };
		CD4EF82D1CA07FD800A31624 /* ImageCache.swift in Sources */ = {isa = PBXBuildFile; fileRef = CD4EF82C1CA07FD800A31624 /* ImageCache.swift */; };
		CD4EF8301CA089F900A31624 /* Model.xcdatamodeld in Sources */ = {isa = PBXBuildFile; fileRef = CD4EF82E1CA089F900A31624 /* Model.xcdatamodeld */; };
		CD96CC341CA17F6500DF5344 /* PhotoCell.swift in Sources */ = {isa = PBXBuildFile; fileRef = CD96CC331CA17F6500DF5344 /* PhotoCell.swift */; };
/* End PBXBuildFile section */

/* Begin PBXContainerItemProxy section */
		CD0EF1291C9F22A200404CD0 /* PBXContainerItemProxy */ = {
			isa = PBXContainerItemProxy;
			containerPortal = CD0EF1091C9F22A200404CD0 /* Project object */;
			proxyType = 1;
			remoteGlobalIDString = CD0EF1101C9F22A200404CD0;
			remoteInfo = "Virtual Tourist";
		};
		CD0EF1341C9F22A200404CD0 /* PBXContainerItemProxy */ = {
			isa = PBXContainerItemProxy;
			containerPortal = CD0EF1091C9F22A200404CD0 /* Project object */;
			proxyType = 1;
			remoteGlobalIDString = CD0EF1101C9F22A200404CD0;
			remoteInfo = "Virtual Tourist";
		};
/* End PBXContainerItemProxy section */

/* Begin PBXFileReference section */
		CD0EF1111C9F22A200404CD0 /* Virtual Tourist.app */ = {isa = PBXFileReference; explicitFileType = wrapper.application; includeInIndex = 0; path = "Virtual Tourist.app"; sourceTree = BUILT_PRODUCTS_DIR; };
		CD0EF1141C9F22A200404CD0 /* AppDelegate.swift */ = {isa = PBXFileReference; lastKnownFileType = sourcecode.swift; path = AppDelegate.swift; sourceTree = "<group>"; };
		CD0EF1161C9F22A200404CD0 /* MapViewController.swift */ = {isa = PBXFileReference; lastKnownFileType = sourcecode.swift; path = MapViewController.swift; sourceTree = "<group>"; };
		CD0EF1191C9F22A200404CD0 /* Base */ = {isa = PBXFileReference; lastKnownFileType = file.storyboard; name = Base; path = Base.lproj/Main.storyboard; sourceTree = "<group>"; };
		CD0EF11E1C9F22A200404CD0 /* Assets.xcassets */ = {isa = PBXFileReference; lastKnownFileType = folder.assetcatalog; path = Assets.xcassets; sourceTree = "<group>"; };
		CD0EF1211C9F22A200404CD0 /* Base */ = {isa = PBXFileReference; lastKnownFileType = file.storyboard; name = Base; path = Base.lproj/LaunchScreen.storyboard; sourceTree = "<group>"; };
		CD0EF1231C9F22A200404CD0 /* Info.plist */ = {isa = PBXFileReference; lastKnownFileType = text.plist.xml; path = Info.plist; sourceTree = "<group>"; };
		CD0EF1281C9F22A200404CD0 /* Virtual TouristTests.xctest */ = {isa = PBXFileReference; explicitFileType = wrapper.cfbundle; includeInIndex = 0; path = "Virtual TouristTests.xctest"; sourceTree = BUILT_PRODUCTS_DIR; };
		CD0EF12C1C9F22A200404CD0 /* Virtual_TouristTests.swift */ = {isa = PBXFileReference; lastKnownFileType = sourcecode.swift; path = Virtual_TouristTests.swift; sourceTree = "<group>"; };
		CD0EF12E1C9F22A200404CD0 /* Info.plist */ = {isa = PBXFileReference; lastKnownFileType = text.plist.xml; path = Info.plist; sourceTree = "<group>"; };
		CD0EF1331C9F22A200404CD0 /* Virtual TouristUITests.xctest */ = {isa = PBXFileReference; explicitFileType = wrapper.cfbundle; includeInIndex = 0; path = "Virtual TouristUITests.xctest"; sourceTree = BUILT_PRODUCTS_DIR; };
		CD0EF1371C9F22A200404CD0 /* Virtual_TouristUITests.swift */ = {isa = PBXFileReference; lastKnownFileType = sourcecode.swift; path = Virtual_TouristUITests.swift; sourceTree = "<group>"; };
		CD0EF1391C9F22A200404CD0 /* Info.plist */ = {isa = PBXFileReference; lastKnownFileType = text.plist.xml; path = Info.plist; sourceTree = "<group>"; };
		CD0EF1451C9F244E00404CD0 /* CoreDataStackManager.swift */ = {isa = PBXFileReference; fileEncoding = 4; lastKnownFileType = sourcecode.swift; name = CoreDataStackManager.swift; path = "../../../../Downloads/ios-persistence-2.0-step-5.3 2/CoreDataFavoriteActors/FavoriteActors/CoreDataStackManager.swift"; sourceTree = "<group>"; };
		CD4EF8201CA0115100A31624 /* CollectionMapViewController.swift */ = {isa = PBXFileReference; fileEncoding = 4; lastKnownFileType = sourcecode.swift; path = CollectionMapViewController.swift; sourceTree = "<group>"; };
		CD4EF8241CA0162300A31624 /* Pin.swift */ = {isa = PBXFileReference; fileEncoding = 4; lastKnownFileType = sourcecode.swift; path = Pin.swift; sourceTree = "<group>"; };
		CD4EF8261CA02E7900A31624 /* Photo.swift */ = {isa = PBXFileReference; fileEncoding = 4; lastKnownFileType = sourcecode.swift; path = Photo.swift; sourceTree = "<group>"; };
		CD4EF8281CA031DC00A31624 /* Flickr.swift */ = {isa = PBXFileReference; fileEncoding = 4; lastKnownFileType = sourcecode.swift; path = Flickr.swift; sourceTree = "<group>"; };
		CD4EF82A1CA0735E00A31624 /* Flicker-Constants.swift */ = {isa = PBXFileReference; fileEncoding = 4; lastKnownFileType = sourcecode.swift; path = "Flicker-Constants.swift"; sourceTree = "<group>"; };
		CD4EF82C1CA07FD800A31624 /* ImageCache.swift */ = {isa = PBXFileReference; fileEncoding = 4; lastKnownFileType = sourcecode.swift; name = ImageCache.swift; path = "../../../../Downloads/ios-persistence-2.0-step-5.3 2/CoreDataFavoriteActors/FavoriteActors/TheMovieDB/ImageCache.swift"; sourceTree = "<group>"; };
		CD4EF82F1CA089F900A31624 /* Model.xcdatamodel */ = {isa = PBXFileReference; lastKnownFileType = wrapper.xcdatamodel; path = Model.xcdatamodel; sourceTree = "<group>"; };
		CD96CC331CA17F6500DF5344 /* PhotoCell.swift */ = {isa = PBXFileReference; fileEncoding = 4; lastKnownFileType = sourcecode.swift; path = PhotoCell.swift; sourceTree = "<group>"; };
/* End PBXFileReference section */

/* Begin PBXFrameworksBuildPhase section */
		CD0EF10E1C9F22A200404CD0 /* Frameworks */ = {
			isa = PBXFrameworksBuildPhase;
			buildActionMask = 2147483647;
			files = (
			);
			runOnlyForDeploymentPostprocessing = 0;
		};
		CD0EF1251C9F22A200404CD0 /* Frameworks */ = {
			isa = PBXFrameworksBuildPhase;
			buildActionMask = 2147483647;
			files = (
			);
			runOnlyForDeploymentPostprocessing = 0;
		};
		CD0EF1301C9F22A200404CD0 /* Frameworks */ = {
			isa = PBXFrameworksBuildPhase;
			buildActionMask = 2147483647;
			files = (
			);
			runOnlyForDeploymentPostprocessing = 0;
		};
/* End PBXFrameworksBuildPhase section */

/* Begin PBXGroup section */
		CD0EF1081C9F22A200404CD0 = {
			isa = PBXGroup;
			children = (
				CD0EF1131C9F22A200404CD0 /* Virtual Tourist */,
				CD0EF12B1C9F22A200404CD0 /* Virtual TouristTests */,
				CD0EF1361C9F22A200404CD0 /* Virtual TouristUITests */,
				CD0EF1121C9F22A200404CD0 /* Products */,
			);
			sourceTree = "<group>";
		};
		CD0EF1121C9F22A200404CD0 /* Products */ = {
			isa = PBXGroup;
			children = (
				CD0EF1111C9F22A200404CD0 /* Virtual Tourist.app */,
				CD0EF1281C9F22A200404CD0 /* Virtual TouristTests.xctest */,
				CD0EF1331C9F22A200404CD0 /* Virtual TouristUITests.xctest */,
			);
			name = Products;
			sourceTree = "<group>";
		};
		CD0EF1131C9F22A200404CD0 /* Virtual Tourist */ = {
			isa = PBXGroup;
			children = (
				CD0EF1141C9F22A200404CD0 /* AppDelegate.swift */,
				CD4EF8221CA0145600A31624 /* Model */,
				CD4EF8231CA0146800A31624 /* Coltroller */,
				CD0EF1181C9F22A200404CD0 /* Main.storyboard */,
				CD0EF11E1C9F22A200404CD0 /* Assets.xcassets */,
				CD0EF1201C9F22A200404CD0 /* LaunchScreen.storyboard */,
				CD0EF1231C9F22A200404CD0 /* Info.plist */,
			);
			path = "Virtual Tourist";
			sourceTree = "<group>";
		};
		CD0EF12B1C9F22A200404CD0 /* Virtual TouristTests */ = {
			isa = PBXGroup;
			children = (
				CD0EF12C1C9F22A200404CD0 /* Virtual_TouristTests.swift */,
				CD0EF12E1C9F22A200404CD0 /* Info.plist */,
			);
			path = "Virtual TouristTests";
			sourceTree = "<group>";
		};
		CD0EF1361C9F22A200404CD0 /* Virtual TouristUITests */ = {
			isa = PBXGroup;
			children = (
				CD0EF1371C9F22A200404CD0 /* Virtual_TouristUITests.swift */,
				CD0EF1391C9F22A200404CD0 /* Info.plist */,
			);
			path = "Virtual TouristUITests";
			sourceTree = "<group>";
		};
		CD4EF8221CA0145600A31624 /* Model */ = {
			isa = PBXGroup;
			children = (
				CD0EF1451C9F244E00404CD0 /* CoreDataStackManager.swift */,
				CD4EF82E1CA089F900A31624 /* Model.xcdatamodeld */,
				CD4EF8241CA0162300A31624 /* Pin.swift */,
				CD4EF82C1CA07FD800A31624 /* ImageCache.swift */,
				CD4EF8281CA031DC00A31624 /* Flickr.swift */,
				CD4EF82A1CA0735E00A31624 /* Flicker-Constants.swift */,
				CD4EF8261CA02E7900A31624 /* Photo.swift */,
				CD96CC331CA17F6500DF5344 /* PhotoCell.swift */,
			);
			name = Model;
			sourceTree = "<group>";
		};
		CD4EF8231CA0146800A31624 /* Coltroller */ = {
			isa = PBXGroup;
			children = (
				CD4EF8201CA0115100A31624 /* CollectionMapViewController.swift */,
				CD0EF1161C9F22A200404CD0 /* MapViewController.swift */,
			);
			name = Coltroller;
			sourceTree = "<group>";
		};
/* End PBXGroup section */

/* Begin PBXNativeTarget section */
		CD0EF1101C9F22A200404CD0 /* Virtual Tourist */ = {
			isa = PBXNativeTarget;
			buildConfigurationList = CD0EF13C1C9F22A200404CD0 /* Build configuration list for PBXNativeTarget "Virtual Tourist" */;
			buildPhases = (
				CD0EF10D1C9F22A200404CD0 /* Sources */,
				CD0EF10E1C9F22A200404CD0 /* Frameworks */,
				CD0EF10F1C9F22A200404CD0 /* Resources */,
			);
			buildRules = (
			);
			dependencies = (
			);
			name = "Virtual Tourist";
			productName = "Virtual Tourist";
			productReference = CD0EF1111C9F22A200404CD0 /* Virtual Tourist.app */;
			productType = "com.apple.product-type.application";
		};
		CD0EF1271C9F22A200404CD0 /* Virtual TouristTests */ = {
			isa = PBXNativeTarget;
			buildConfigurationList = CD0EF13F1C9F22A200404CD0 /* Build configuration list for PBXNativeTarget "Virtual TouristTests" */;
			buildPhases = (
				CD0EF1241C9F22A200404CD0 /* Sources */,
				CD0EF1251C9F22A200404CD0 /* Frameworks */,
				CD0EF1261C9F22A200404CD0 /* Resources */,
			);
			buildRules = (
			);
			dependencies = (
				CD0EF12A1C9F22A200404CD0 /* PBXTargetDependency */,
			);
			name = "Virtual TouristTests";
			productName = "Virtual TouristTests";
			productReference = CD0EF1281C9F22A200404CD0 /* Virtual TouristTests.xctest */;
			productType = "com.apple.product-type.bundle.unit-test";
		};
		CD0EF1321C9F22A200404CD0 /* Virtual TouristUITests */ = {
			isa = PBXNativeTarget;
			buildConfigurationList = CD0EF1421C9F22A200404CD0 /* Build configuration list for PBXNativeTarget "Virtual TouristUITests" */;
			buildPhases = (
				CD0EF12F1C9F22A200404CD0 /* Sources */,
				CD0EF1301C9F22A200404CD0 /* Frameworks */,
				CD0EF1311C9F22A200404CD0 /* Resources */,
			);
			buildRules = (
			);
			dependencies = (
				CD0EF1351C9F22A200404CD0 /* PBXTargetDependency */,
			);
			name = "Virtual TouristUITests";
			productName = "Virtual TouristUITests";
			productReference = CD0EF1331C9F22A200404CD0 /* Virtual TouristUITests.xctest */;
			productType = "com.apple.product-type.bundle.ui-testing";
		};
/* End PBXNativeTarget section */

/* Begin PBXProject section */
		CD0EF1091C9F22A200404CD0 /* Project object */ = {
			isa = PBXProject;
			attributes = {
				LastSwiftUpdateCheck = 0720;
				LastUpgradeCheck = 0720;
				ORGANIZATIONNAME = XZM;
				TargetAttributes = {
					CD0EF1101C9F22A200404CD0 = {
						CreatedOnToolsVersion = 7.2.1;
					};
					CD0EF1271C9F22A200404CD0 = {
						CreatedOnToolsVersion = 7.2.1;
						TestTargetID = CD0EF1101C9F22A200404CD0;
					};
					CD0EF1321C9F22A200404CD0 = {
						CreatedOnToolsVersion = 7.2.1;
						TestTargetID = CD0EF1101C9F22A200404CD0;
					};
				};
			};
			buildConfigurationList = CD0EF10C1C9F22A200404CD0 /* Build configuration list for PBXProject "Virtual Tourist" */;
			compatibilityVersion = "Xcode 3.2";
			developmentRegion = English;
			hasScannedForEncodings = 0;
			knownRegions = (
				en,
				Base,
			);
			mainGroup = CD0EF1081C9F22A200404CD0;
			productRefGroup = CD0EF1121C9F22A200404CD0 /* Products */;
			projectDirPath = "";
			projectRoot = "";
			targets = (
				CD0EF1101C9F22A200404CD0 /* Virtual Tourist */,
				CD0EF1271C9F22A200404CD0 /* Virtual TouristTests */,
				CD0EF1321C9F22A200404CD0 /* Virtual TouristUITests */,
			);
		};
/* End PBXProject section */

/* Begin PBXResourcesBuildPhase section */
		CD0EF10F1C9F22A200404CD0 /* Resources */ = {
			isa = PBXResourcesBuildPhase;
			buildActionMask = 2147483647;
			files = (
				CD0EF1221C9F22A200404CD0 /* LaunchScreen.storyboard in Resources */,
				CD0EF11F1C9F22A200404CD0 /* Assets.xcassets in Resources */,
				CD0EF11A1C9F22A200404CD0 /* Main.storyboard in Resources */,
			);
			runOnlyForDeploymentPostprocessing = 0;
		};
		CD0EF1261C9F22A200404CD0 /* Resources */ = {
			isa = PBXResourcesBuildPhase;
			buildActionMask = 2147483647;
			files = (
			);
			runOnlyForDeploymentPostprocessing = 0;
		};
		CD0EF1311C9F22A200404CD0 /* Resources */ = {
			isa = PBXResourcesBuildPhase;
			buildActionMask = 2147483647;
			files = (
			);
			runOnlyForDeploymentPostprocessing = 0;
		};
/* End PBXResourcesBuildPhase section */

/* Begin PBXSourcesBuildPhase section */
		CD0EF10D1C9F22A200404CD0 /* Sources */ = {
			isa = PBXSourcesBuildPhase;
			buildActionMask = 2147483647;
			files = (
				CD4EF82D1CA07FD800A31624 /* ImageCache.swift in Sources */,
				CD4EF8271CA02E7900A31624 /* Photo.swift in Sources */,
				CD4EF8211CA0115100A31624 /* CollectionMapViewController.swift in Sources */,
				CD4EF8291CA031DC00A31624 /* Flickr.swift in Sources */,
				CD4EF82B1CA0735E00A31624 /* Flicker-Constants.swift in Sources */,
				CD0EF1171C9F22A200404CD0 /* MapViewController.swift in Sources */,
				CD0EF1461C9F244E00404CD0 /* CoreDataStackManager.swift in Sources */,
				CD4EF8251CA0162300A31624 /* Pin.swift in Sources */,
				CD4EF8301CA089F900A31624 /* Model.xcdatamodeld in Sources */,
				CD96CC341CA17F6500DF5344 /* PhotoCell.swift in Sources */,
				CD0EF1151C9F22A200404CD0 /* AppDelegate.swift in Sources */,
			);
			runOnlyForDeploymentPostprocessing = 0;
		};
		CD0EF1241C9F22A200404CD0 /* Sources */ = {
			isa = PBXSourcesBuildPhase;
			buildActionMask = 2147483647;
			files = (
				CD0EF12D1C9F22A200404CD0 /* Virtual_TouristTests.swift in Sources */,
			);
			runOnlyForDeploymentPostprocessing = 0;
		};
		CD0EF12F1C9F22A200404CD0 /* Sources */ = {
			isa = PBXSourcesBuildPhase;
			buildActionMask = 2147483647;
			files = (
				CD0EF1381C9F22A200404CD0 /* Virtual_TouristUITests.swift in Sources */,
			);
			runOnlyForDeploymentPostprocessing = 0;
		};
/* End PBXSourcesBuildPhase section */

/* Begin PBXTargetDependency section */
		CD0EF12A1C9F22A200404CD0 /* PBXTargetDependency */ = {
			isa = PBXTargetDependency;
			target = CD0EF1101C9F22A200404CD0 /* Virtual Tourist */;
			targetProxy = CD0EF1291C9F22A200404CD0 /* PBXContainerItemProxy */;
		};
		CD0EF1351C9F22A200404CD0 /* PBXTargetDependency */ = {
			isa = PBXTargetDependency;
			target = CD0EF1101C9F22A200404CD0 /* Virtual Tourist */;
			targetProxy = CD0EF1341C9F22A200404CD0 /* PBXContainerItemProxy */;
		};
/* End PBXTargetDependency section */

/* Begin PBXVariantGroup section */
		CD0EF1181C9F22A200404CD0 /* Main.storyboard */ = {
			isa = PBXVariantGroup;
			children = (
				CD0EF1191C9F22A200404CD0 /* Base */,
			);
			name = Main.storyboard;
			sourceTree = "<group>";
		};
		CD0EF1201C9F22A200404CD0 /* LaunchScreen.storyboard */ = {
			isa = PBXVariantGroup;
			children = (
				CD0EF1211C9F22A200404CD0 /* Base */,
			);
			name = LaunchScreen.storyboard;
			sourceTree = "<group>";
		};
/* End PBXVariantGroup section */

/* Begin XCBuildConfiguration section */
		CD0EF13A1C9F22A200404CD0 /* Debug */ = {
			isa = XCBuildConfiguration;
			buildSettings = {
				ALWAYS_SEARCH_USER_PATHS = NO;
				CLANG_CXX_LANGUAGE_STANDARD = "gnu++0x";
				CLANG_CXX_LIBRARY = "libc++";
				CLANG_ENABLE_MODULES = YES;
				CLANG_ENABLE_OBJC_ARC = YES;
				CLANG_WARN_BOOL_CONVERSION = YES;
				CLANG_WARN_CONSTANT_CONVERSION = YES;
				CLANG_WARN_DIRECT_OBJC_ISA_USAGE = YES_ERROR;
				CLANG_WARN_EMPTY_BODY = YES;
				CLANG_WARN_ENUM_CONVERSION = YES;
				CLANG_WARN_INT_CONVERSION = YES;
				CLANG_WARN_OBJC_ROOT_CLASS = YES_ERROR;
				CLANG_WARN_UNREACHABLE_CODE = YES;
				CLANG_WARN__DUPLICATE_METHOD_MATCH = YES;
				"CODE_SIGN_IDENTITY[sdk=iphoneos*]" = "iPhone Developer";
				COPY_PHASE_STRIP = NO;
				DEBUG_INFORMATION_FORMAT = dwarf;
				ENABLE_STRICT_OBJC_MSGSEND = YES;
				ENABLE_TESTABILITY = YES;
				GCC_C_LANGUAGE_STANDARD = gnu99;
				GCC_DYNAMIC_NO_PIC = NO;
				GCC_NO_COMMON_BLOCKS = YES;
				GCC_OPTIMIZATION_LEVEL = 0;
				GCC_PREPROCESSOR_DEFINITIONS = (
					"DEBUG=1",
					"$(inherited)",
				);
				GCC_WARN_64_TO_32_BIT_CONVERSION = YES;
				GCC_WARN_ABOUT_RETURN_TYPE = YES_ERROR;
				GCC_WARN_UNDECLARED_SELECTOR = YES;
				GCC_WARN_UNINITIALIZED_AUTOS = YES_AGGRESSIVE;
				GCC_WARN_UNUSED_FUNCTION = YES;
				GCC_WARN_UNUSED_VARIABLE = YES;
				IPHONEOS_DEPLOYMENT_TARGET = 9.2;
				MTL_ENABLE_DEBUG_INFO = YES;
				ONLY_ACTIVE_ARCH = YES;
				SDKROOT = iphoneos;
				SWIFT_OPTIMIZATION_LEVEL = "-Onone";
			};
			name = Debug;
		};
		CD0EF13B1C9F22A200404CD0 /* Release */ = {
			isa = XCBuildConfiguration;
			buildSettings = {
				ALWAYS_SEARCH_USER_PATHS = NO;
				CLANG_CXX_LANGUAGE_STANDARD = "gnu++0x";
				CLANG_CXX_LIBRARY = "libc++";
				CLANG_ENABLE_MODULES = YES;
				CLANG_ENABLE_OBJC_ARC = YES;
				CLANG_WARN_BOOL_CONVERSION = YES;
				CLANG_WARN_CONSTANT_CONVERSION = YES;
				CLANG_WARN_DIRECT_OBJC_ISA_USAGE = YES_ERROR;
				CLANG_WARN_EMPTY_BODY = YES;
				CLANG_WARN_ENUM_CONVERSION = YES;
				CLANG_WARN_INT_CONVERSION = YES;
				CLANG_WARN_OBJC_ROOT_CLASS = YES_ERROR;
				CLANG_WARN_UNREACHABLE_CODE = YES;
				CLANG_WARN__DUPLICATE_METHOD_MATCH = YES;
				"CODE_SIGN_IDENTITY[sdk=iphoneos*]" = "iPhone Developer";
				COPY_PHASE_STRIP = NO;
				DEBUG_INFORMATION_FORMAT = "dwarf-with-dsym";
				ENABLE_NS_ASSERTIONS = NO;
				ENABLE_STRICT_OBJC_MSGSEND = YES;
				GCC_C_LANGUAGE_STANDARD = gnu99;
				GCC_NO_COMMON_BLOCKS = YES;
				GCC_WARN_64_TO_32_BIT_CONVERSION = YES;
				GCC_WARN_ABOUT_RETURN_TYPE = YES_ERROR;
				GCC_WARN_UNDECLARED_SELECTOR = YES;
				GCC_WARN_UNINITIALIZED_AUTOS = YES_AGGRESSIVE;
				GCC_WARN_UNUSED_FUNCTION = YES;
				GCC_WARN_UNUSED_VARIABLE = YES;
				IPHONEOS_DEPLOYMENT_TARGET = 9.2;
				MTL_ENABLE_DEBUG_INFO = NO;
				SDKROOT = iphoneos;
				VALIDATE_PRODUCT = YES;
			};
			name = Release;
		};
		CD0EF13D1C9F22A200404CD0 /* Debug */ = {
			isa = XCBuildConfiguration;
			buildSettings = {
				ASSETCATALOG_COMPILER_APPICON_NAME = AppIcon;
				INFOPLIST_FILE = "Virtual Tourist/Info.plist";
				LD_RUNPATH_SEARCH_PATHS = "$(inherited) @executable_path/Frameworks";
				PRODUCT_BUNDLE_IDENTIFIER = "XZM.Virtual-Tourist";
				PRODUCT_NAME = "$(TARGET_NAME)";
			};
			name = Debug;
		};
		CD0EF13E1C9F22A200404CD0 /* Release */ = {
			isa = XCBuildConfiguration;
			buildSettings = {
				ASSETCATALOG_COMPILER_APPICON_NAME = AppIcon;
				INFOPLIST_FILE = "Virtual Tourist/Info.plist";
				LD_RUNPATH_SEARCH_PATHS = "$(inherited) @executable_path/Frameworks";
				PRODUCT_BUNDLE_IDENTIFIER = "XZM.Virtual-Tourist";
				PRODUCT_NAME = "$(TARGET_NAME)";
			};
			name = Release;
		};
		CD0EF1401C9F22A200404CD0 /* Debug */ = {
			isa = XCBuildConfiguration;
			buildSettings = {
				BUNDLE_LOADER = "$(TEST_HOST)";
				INFOPLIST_FILE = "Virtual TouristTests/Info.plist";
				LD_RUNPATH_SEARCH_PATHS = "$(inherited) @executable_path/Frameworks @loader_path/Frameworks";
				PRODUCT_BUNDLE_IDENTIFIER = "XZM.Virtual-TouristTests";
				PRODUCT_NAME = "$(TARGET_NAME)";
				TEST_HOST = "$(BUILT_PRODUCTS_DIR)/Virtual Tourist.app/Virtual Tourist";
			};
			name = Debug;
		};
		CD0EF1411C9F22A200404CD0 /* Release */ = {
			isa = XCBuildConfiguration;
			buildSettings = {
				BUNDLE_LOADER = "$(TEST_HOST)";
				INFOPLIST_FILE = "Virtual TouristTests/Info.plist";
				LD_RUNPATH_SEARCH_PATHS = "$(inherited) @executable_path/Frameworks @loader_path/Frameworks";
				PRODUCT_BUNDLE_IDENTIFIER = "XZM.Virtual-TouristTests";
				PRODUCT_NAME = "$(TARGET_NAME)";
				TEST_HOST = "$(BUILT_PRODUCTS_DIR)/Virtual Tourist.app/Virtual Tourist";
			};
			name = Release;
		};
		CD0EF1431C9F22A200404CD0 /* Debug */ = {
			isa = XCBuildConfiguration;
			buildSettings = {
				INFOPLIST_FILE = "Virtual TouristUITests/Info.plist";
				LD_RUNPATH_SEARCH_PATHS = "$(inherited) @executable_path/Frameworks @loader_path/Frameworks";
				PRODUCT_BUNDLE_IDENTIFIER = "XZM.Virtual-TouristUITests";
				PRODUCT_NAME = "$(TARGET_NAME)";
				TEST_TARGET_NAME = "Virtual Tourist";
				USES_XCTRUNNER = YES;
			};
			name = Debug;
		};
		CD0EF1441C9F22A200404CD0 /* Release */ = {
			isa = XCBuildConfiguration;
			buildSettings = {
				INFOPLIST_FILE = "Virtual TouristUITests/Info.plist";
				LD_RUNPATH_SEARCH_PATHS = "$(inherited) @executable_path/Frameworks @loader_path/Frameworks";
				PRODUCT_BUNDLE_IDENTIFIER = "XZM.Virtual-TouristUITests";
				PRODUCT_NAME = "$(TARGET_NAME)";
				TEST_TARGET_NAME = "Virtual Tourist";
				USES_XCTRUNNER = YES;
			};
			name = Release;
		};
/* End XCBuildConfiguration section */

/* Begin XCConfigurationList section */
		CD0EF10C1C9F22A200404CD0 /* Build configuration list for PBXProject "Virtual Tourist" */ = {
			isa = XCConfigurationList;
			buildConfigurations = (
				CD0EF13A1C9F22A200404CD0 /* Debug */,
				CD0EF13B1C9F22A200404CD0 /* Release */,
			);
			defaultConfigurationIsVisible = 0;
			defaultConfigurationName = Release;
		};
		CD0EF13C1C9F22A200404CD0 /* Build configuration list for PBXNativeTarget "Virtual Tourist" */ = {
			isa = XCConfigurationList;
			buildConfigurations = (
				CD0EF13D1C9F22A200404CD0 /* Debug */,
				CD0EF13E1C9F22A200404CD0 /* Release */,
			);
			defaultConfigurationIsVisible = 0;
			defaultConfigurationName = Release;
		};
		CD0EF13F1C9F22A200404CD0 /* Build configuration list for PBXNativeTarget "Virtual TouristTests" */ = {
			isa = XCConfigurationList;
			buildConfigurations = (
				CD0EF1401C9F22A200404CD0 /* Debug */,
				CD0EF1411C9F22A200404CD0 /* Release */,
			);
			defaultConfigurationIsVisible = 0;
			defaultConfigurationName = Release;
		};
		CD0EF1421C9F22A200404CD0 /* Build configuration list for PBXNativeTarget "Virtual TouristUITests" */ = {
			isa = XCConfigurationList;
			buildConfigurations = (
				CD0EF1431C9F22A200404CD0 /* Debug */,
				CD0EF1441C9F22A200404CD0 /* Release */,
			);
			defaultConfigurationIsVisible = 0;
			defaultConfigurationName = Release;
		};
/* End XCConfigurationList section */

/* Begin XCVersionGroup section */
		CD4EF82E1CA089F900A31624 /* Model.xcdatamodeld */ = {
			isa = XCVersionGroup;
			children = (
				CD4EF82F1CA089F900A31624 /* Model.xcdatamodel */,
			);
			currentVersion = CD4EF82F1CA089F900A31624 /* Model.xcdatamodel */;
			path = Model.xcdatamodeld;
			sourceTree = "<group>";
			versionGroupType = wrapper.xcdatamodel;
		};
/* End XCVersionGroup section */
	};
	rootObject = CD0EF1091C9F22A200404CD0 /* Project object */;
}
